
Microsoft Visual Studio Solution File, Format Version 12.00
# Visual Studio Version 16
VisualStudioVersion = 16.0.31624.102
MinimumVisualStudioVersion = 10.0.40219.1
Project("{FAE04EC0-301F-11D3-BF4B-00C04F79EFBC}") = "MvcMovie", "MvcMovie\MvcMovie.csproj", "{90BBA51A-C5FB-48FB-B43E-2702B3441251}"
EndProject
Global
	GlobalSection(SolutionConfigurationPlatforms) = preSolution
		Debug|Any CPU = Debug|Any CPU
		Release|Any CPU = Release|Any CPU
	EndGlobalSection
	GlobalSection(ProjectConfigurationPlatforms) = postSolution
		{90BBA51A-C5FB-48FB-B43E-2702B3441251}.Debug|Any CPU.ActiveCfg = Debug|Any CPU
		{90BBA51A-C5FB-48FB-B43E-2702B3441251}.Debug|Any CPU.Build.0 = Debug|Any CPU
		{90BBA51A-C5FB-48FB-B43E-2702B3441251}.Release|Any CPU.ActiveCfg = Release|Any CPU
		{90BBA51A-C5FB-48FB-B43E-2702B3441251}.Release|Any CPU.Build.0 = Release|Any CPU
	EndGlobalSection
	GlobalSection(SolutionProperties) = preSolution
		HideSolutionNode = FALSE
	EndGlobalSection
	GlobalSection(ExtensibilityGlobals) = postSolution
		SolutionGuid = {3578A793-5079-4AA6-9E07-CDAAC3C351FF}
	EndGlobalSection
EndGlobal
